
Microsoft Visual Studio Solution File, Format Version 12.00
# Visual Studio Version 17
VisualStudioVersion = 17.11.35303.130
MinimumVisualStudioVersion = 10.0.40219.1
Project("{9A19103F-16F7-4668-BE54-9A1E7A4F7556}") = "Week5LogicalOperators", "Week5LogicalOperators\Week5LogicalOperators.csproj", "{3BEBE9DE-E63B-422D-BC31-E0AE26889EE5}"
EndProject
Project("{FAE04EC0-301F-11D3-BF4B-00C04F79EFBC}") = "ANDOperator", "ANDOperator\ANDOperator.csproj", "{0280F0AD-5C44-4E5B-956F-C5B9140A33A3}"
EndProject
Project("{FAE04EC0-301F-11D3-BF4B-00C04F79EFBC}") = "OROperator", "OROperator\OROperator.csproj", "{224642A0-6220-45EA-BE18-94E93E79CAA8}"
EndProject
Project("{FAE04EC0-301F-11D3-BF4B-00C04F79EFBC}") = "ANDRanges", "ANDRanges\ANDRanges.csproj", "{669D7956-5681-443C-9F67-DB93BDEDE55F}"
EndProject
Global
	GlobalSection(SolutionConfigurationPlatforms) = preSolution
		Debug|Any CPU = Debug|Any CPU
		Release|Any CPU = Release|Any CPU
	EndGlobalSection
	GlobalSection(ProjectConfigurationPlatforms) = postSolution
		{3BEBE9DE-E63B-422D-BC31-E0AE26889EE5}.Debug|Any CPU.ActiveCfg = Debug|Any CPU
		{3BEBE9DE-E63B-422D-BC31-E0AE26889EE5}.Debug|Any CPU.Build.0 = Debug|Any CPU
		{3BEBE9DE-E63B-422D-BC31-E0AE26889EE5}.Release|Any CPU.ActiveCfg = Release|Any CPU
		{3BEBE9DE-E63B-422D-BC31-E0AE26889EE5}.Release|Any CPU.Build.0 = Release|Any CPU
		{0280F0AD-5C44-4E5B-956F-C5B9140A33A3}.Debug|Any CPU.ActiveCfg = Debug|Any CPU
		{0280F0AD-5C44-4E5B-956F-C5B9140A33A3}.Debug|Any CPU.Build.0 = Debug|Any CPU
		{0280F0AD-5C44-4E5B-956F-C5B9140A33A3}.Release|Any CPU.ActiveCfg = Release|Any CPU
		{0280F0AD-5C44-4E5B-956F-C5B9140A33A3}.Release|Any CPU.Build.0 = Release|Any CPU
		{224642A0-6220-45EA-BE18-94E93E79CAA8}.Debug|Any CPU.ActiveCfg = Debug|Any CPU
		{224642A0-6220-45EA-BE18-94E93E79CAA8}.Debug|Any CPU.Build.0 = Debug|Any CPU
		{224642A0-6220-45EA-BE18-94E93E79CAA8}.Release|Any CPU.ActiveCfg = Release|Any CPU
		{224642A0-6220-45EA-BE18-94E93E79CAA8}.Release|Any CPU.Build.0 = Release|Any CPU
		{669D7956-5681-443C-9F67-DB93BDEDE55F}.Debug|Any CPU.ActiveCfg = Debug|Any CPU
		{669D7956-5681-443C-9F67-DB93BDEDE55F}.Debug|Any CPU.Build.0 = Debug|Any CPU
		{669D7956-5681-443C-9F67-DB93BDEDE55F}.Release|Any CPU.ActiveCfg = Release|Any CPU
		{669D7956-5681-443C-9F67-DB93BDEDE55F}.Release|Any CPU.Build.0 = Release|Any CPU
	EndGlobalSection
	GlobalSection(SolutionProperties) = preSolution
		HideSolutionNode = FALSE
	EndGlobalSection
	GlobalSection(ExtensibilityGlobals) = postSolution
		SolutionGuid = {4E4B9CCC-9DBF-4247-ABF3-7143603FE040}
	EndGlobalSection
EndGlobal
